
Microsoft Visual Studio Solution File, Format Version 12.00
# Visual Studio 15
VisualStudioVersion = 15.0.28307.106
MinimumVisualStudioVersion = 10.0.40219.1
Project("{9A19103F-16F7-4668-BE54-9A1E7A4F7556}") = "ExchangeData", "ExchangeData\ExchangeData.csproj", "{EE7E27D9-1BCA-421E-9DB4-64B5DFBCA4A3}"
EndProject
Project("{9A19103F-16F7-4668-BE54-9A1E7A4F7556}") = "Utilities", "Utilities\Utilities.csproj", "{B3F351CB-2554-4BE2-8668-153F56B78627}"
EndProject
Project("{9A19103F-16F7-4668-BE54-9A1E7A4F7556}") = "Driver", "Driver\Driver.csproj", "{6940CF15-B2E9-4921-8C3B-82EC6A6A1573}"
EndProject
Global
	GlobalSection(SolutionConfigurationPlatforms) = preSolution
		Debug|Any CPU = Debug|Any CPU
		Release|Any CPU = Release|Any CPU
	EndGlobalSection
	GlobalSection(ProjectConfigurationPlatforms) = postSolution
		{EE7E27D9-1BCA-421E-9DB4-64B5DFBCA4A3}.Debug|Any CPU.ActiveCfg = Debug|Any CPU
		{EE7E27D9-1BCA-421E-9DB4-64B5DFBCA4A3}.Debug|Any CPU.Build.0 = Debug|Any CPU
		{EE7E27D9-1BCA-421E-9DB4-64B5DFBCA4A3}.Release|Any CPU.ActiveCfg = Release|Any CPU
		{EE7E27D9-1BCA-421E-9DB4-64B5DFBCA4A3}.Release|Any CPU.Build.0 = Release|Any CPU
		{B3F351CB-2554-4BE2-8668-153F56B78627}.Debug|Any CPU.ActiveCfg = Debug|Any CPU
		{B3F351CB-2554-4BE2-8668-153F56B78627}.Debug|Any CPU.Build.0 = Debug|Any CPU
		{B3F351CB-2554-4BE2-8668-153F56B78627}.Release|Any CPU.ActiveCfg = Release|Any CPU
		{B3F351CB-2554-4BE2-8668-153F56B78627}.Release|Any CPU.Build.0 = Release|Any CPU
		{6940CF15-B2E9-4921-8C3B-82EC6A6A1573}.Debug|Any CPU.ActiveCfg = Debug|Any CPU
		{6940CF15-B2E9-4921-8C3B-82EC6A6A1573}.Debug|Any CPU.Build.0 = Debug|Any CPU
		{6940CF15-B2E9-4921-8C3B-82EC6A6A1573}.Release|Any CPU.ActiveCfg = Release|Any CPU
		{6940CF15-B2E9-4921-8C3B-82EC6A6A1573}.Release|Any CPU.Build.0 = Release|Any CPU
	EndGlobalSection
	GlobalSection(SolutionProperties) = preSolution
		HideSolutionNode = FALSE
	EndGlobalSection
	GlobalSection(ExtensibilityGlobals) = postSolution
		SolutionGuid = {2C2B13F5-8953-49E8-8799-566CDA8A06D2}
	EndGlobalSection
EndGlobal
